// !$*UTF8*$!
{
	archiveVersion = 1;
	classes = {
	};
	objectVersion = 46;
	objects = {

/* Begin PBXBuildFile section */
		7B1B732F1D6EF27700445D0C /* Main.storyboard in Resources */ = {isa = PBXBuildFile; fileRef = 7B1B732D1D6EF27700445D0C /* Main.storyboard */; };
		7B1B73311D6EF27700445D0C /* Assets.xcassets in Resources */ = {isa = PBXBuildFile; fileRef = 7B1B73301D6EF27700445D0C /* Assets.xcassets */; };
		7B1B73341D6EF27700445D0C /* LaunchScreen.storyboard in Resources */ = {isa = PBXBuildFile; fileRef = 7B1B73321D6EF27700445D0C /* LaunchScreen.storyboard */; };
		7B1B733F1D6EF27700445D0C /* kodama_appTests.swift in Sources */ = {isa = PBXBuildFile; fileRef = 7B1B733E1D6EF27700445D0C /* kodama_appTests.swift */; };
		7B1B734A1D6EF27700445D0C /* kodama_appUITests.swift in Sources */ = {isa = PBXBuildFile; fileRef = 7B1B73491D6EF27700445D0C /* kodama_appUITests.swift */; };
		E03FF0741D6F03D400B261F4 /* AppDelegate.swift in Sources */ = {isa = PBXBuildFile; fileRef = E03FF0731D6F03D400B261F4 /* AppDelegate.swift */; };
		E03FF0791D6F03E300B261F4 /* FirstViewController.swift in Sources */ = {isa = PBXBuildFile; fileRef = E03FF0751D6F03E300B261F4 /* FirstViewController.swift */; };
		E03FF07A1D6F03E300B261F4 /* MainTabBarController.swift in Sources */ = {isa = PBXBuildFile; fileRef = E03FF0761D6F03E300B261F4 /* MainTabBarController.swift */; };
		E03FF07B1D6F03E300B261F4 /* SecondViewController.swift in Sources */ = {isa = PBXBuildFile; fileRef = E03FF0771D6F03E300B261F4 /* SecondViewController.swift */; };
		E03FF07C1D6F03E300B261F4 /* ThirdViewController.swift in Sources */ = {isa = PBXBuildFile; fileRef = E03FF0781D6F03E300B261F4 /* ThirdViewController.swift */; };
/* End PBXBuildFile section */

/* Begin PBXContainerItemProxy section */
		7B1B733B1D6EF27700445D0C /* PBXContainerItemProxy */ = {
			isa = PBXContainerItemProxy;
			containerPortal = 7B1B731E1D6EF27600445D0C /* Project object */;
			proxyType = 1;
			remoteGlobalIDString = 7B1B73251D6EF27600445D0C;
			remoteInfo = "kodama-app";
		};
		7B1B73461D6EF27700445D0C /* PBXContainerItemProxy */ = {
			isa = PBXContainerItemProxy;
			containerPortal = 7B1B731E1D6EF27600445D0C /* Project object */;
			proxyType = 1;
			remoteGlobalIDString = 7B1B73251D6EF27600445D0C;
			remoteInfo = "kodama-app";
		};
/* End PBXContainerItemProxy section */

/* Begin PBXFileReference section */
		7B1B73261D6EF27600445D0C /* kodama-app.app */ = {isa = PBXFileReference; explicitFileType = wrapper.application; includeInIndex = 0; path = "kodama-app.app"; sourceTree = BUILT_PRODUCTS_DIR; };
		7B1B732E1D6EF27700445D0C /* Base */ = {isa = PBXFileReference; lastKnownFileType = file.storyboard; name = Base; path = Base.lproj/Main.storyboard; sourceTree = "<group>"; };
		7B1B73301D6EF27700445D0C /* Assets.xcassets */ = {isa = PBXFileReference; lastKnownFileType = folder.assetcatalog; path = Assets.xcassets; sourceTree = "<group>"; };
		7B1B73331D6EF27700445D0C /* Base */ = {isa = PBXFileReference; lastKnownFileType = file.storyboard; name = Base; path = Base.lproj/LaunchScreen.storyboard; sourceTree = "<group>"; };
		7B1B73351D6EF27700445D0C /* Info.plist */ = {isa = PBXFileReference; lastKnownFileType = text.plist.xml; path = Info.plist; sourceTree = "<group>"; };
		7B1B733A1D6EF27700445D0C /* kodama-appTests.xctest */ = {isa = PBXFileReference; explicitFileType = wrapper.cfbundle; includeInIndex = 0; path = "kodama-appTests.xctest"; sourceTree = BUILT_PRODUCTS_DIR; };
		7B1B733E1D6EF27700445D0C /* kodama_appTests.swift */ = {isa = PBXFileReference; lastKnownFileType = sourcecode.swift; path = kodama_appTests.swift; sourceTree = "<group>"; };
		7B1B73401D6EF27700445D0C /* Info.plist */ = {isa = PBXFileReference; lastKnownFileType = text.plist.xml; path = Info.plist; sourceTree = "<group>"; };
		7B1B73451D6EF27700445D0C /* kodama-appUITests.xctest */ = {isa = PBXFileReference; explicitFileType = wrapper.cfbundle; includeInIndex = 0; path = "kodama-appUITests.xctest"; sourceTree = BUILT_PRODUCTS_DIR; };
		7B1B73491D6EF27700445D0C /* kodama_appUITests.swift */ = {isa = PBXFileReference; lastKnownFileType = sourcecode.swift; path = kodama_appUITests.swift; sourceTree = "<group>"; };
		7B1B734B1D6EF27700445D0C /* Info.plist */ = {isa = PBXFileReference; lastKnownFileType = text.plist.xml; path = Info.plist; sourceTree = "<group>"; };
		E03FF0731D6F03D400B261F4 /* AppDelegate.swift */ = {isa = PBXFileReference; fileEncoding = 4; lastKnownFileType = sourcecode.swift; name = AppDelegate.swift; path = ../../../../../../Projects/hoge/swiftprac/swiftprac/AppDelegate.swift; sourceTree = "<group>"; };
		E03FF0751D6F03E300B261F4 /* FirstViewController.swift */ = {isa = PBXFileReference; fileEncoding = 4; lastKnownFileType = sourcecode.swift; name = FirstViewController.swift; path = ../../../../../../Projects/hoge/swiftprac/swiftprac/FirstViewController.swift; sourceTree = "<group>"; };
		E03FF0761D6F03E300B261F4 /* MainTabBarController.swift */ = {isa = PBXFileReference; fileEncoding = 4; lastKnownFileType = sourcecode.swift; name = MainTabBarController.swift; path = ../../../../../../Projects/hoge/swiftprac/swiftprac/MainTabBarController.swift; sourceTree = "<group>"; };
		E03FF0771D6F03E300B261F4 /* SecondViewController.swift */ = {isa = PBXFileReference; fileEncoding = 4; lastKnownFileType = sourcecode.swift; name = SecondViewController.swift; path = ../../../../../../Projects/hoge/swiftprac/swiftprac/SecondViewController.swift; sourceTree = "<group>"; };
		E03FF0781D6F03E300B261F4 /* ThirdViewController.swift */ = {isa = PBXFileReference; fileEncoding = 4; lastKnownFileType = sourcecode.swift; name = ThirdViewController.swift; path = ../../../../../../Projects/hoge/swiftprac/swiftprac/ThirdViewController.swift; sourceTree = "<group>"; };
/* End PBXFileReference section */

/* Begin PBXFrameworksBuildPhase section */
		7B1B73231D6EF27600445D0C /* Frameworks */ = {
			isa = PBXFrameworksBuildPhase;
			buildActionMask = 2147483647;
			files = (
			);
			runOnlyForDeploymentPostprocessing = 0;
		};
		7B1B73371D6EF27700445D0C /* Frameworks */ = {
			isa = PBXFrameworksBuildPhase;
			buildActionMask = 2147483647;
			files = (
			);
			runOnlyForDeploymentPostprocessing = 0;
		};
		7B1B73421D6EF27700445D0C /* Frameworks */ = {
			isa = PBXFrameworksBuildPhase;
			buildActionMask = 2147483647;
			files = (
			);
			runOnlyForDeploymentPostprocessing = 0;
		};
/* End PBXFrameworksBuildPhase section */

/* Begin PBXGroup section */
		7B1B731D1D6EF27600445D0C = {
			isa = PBXGroup;
			children = (
				7B1B73281D6EF27600445D0C /* kodama-app */,
				7B1B733D1D6EF27700445D0C /* kodama-appTests */,
				7B1B73481D6EF27700445D0C /* kodama-appUITests */,
				7B1B73271D6EF27600445D0C /* Products */,
			);
			sourceTree = "<group>";
		};
		7B1B73271D6EF27600445D0C /* Products */ = {
			isa = PBXGroup;
			children = (
				7B1B73261D6EF27600445D0C /* kodama-app.app */,
				7B1B733A1D6EF27700445D0C /* kodama-appTests.xctest */,
				7B1B73451D6EF27700445D0C /* kodama-appUITests.xctest */,
			);
			name = Products;
			sourceTree = "<group>";
		};
		7B1B73281D6EF27600445D0C /* kodama-app */ = {
			isa = PBXGroup;
			children = (
				E03FF0731D6F03D400B261F4 /* AppDelegate.swift */,
				E03FF0751D6F03E300B261F4 /* FirstViewController.swift */,
				E03FF0761D6F03E300B261F4 /* MainTabBarController.swift */,
				E03FF0771D6F03E300B261F4 /* SecondViewController.swift */,
				E03FF0781D6F03E300B261F4 /* ThirdViewController.swift */,
				7B1B732D1D6EF27700445D0C /* Main.storyboard */,
				7B1B73301D6EF27700445D0C /* Assets.xcassets */,
				7B1B73321D6EF27700445D0C /* LaunchScreen.storyboard */,
				7B1B73351D6EF27700445D0C /* Info.plist */,
			);
			path = "kodama-app";
			sourceTree = "<group>";
		};
		7B1B733D1D6EF27700445D0C /* kodama-appTests */ = {
			isa = PBXGroup;
			children = (
				7B1B733E1D6EF27700445D0C /* kodama_appTests.swift */,
				7B1B73401D6EF27700445D0C /* Info.plist */,
			);
			path = "kodama-appTests";
			sourceTree = "<group>";
		};
		7B1B73481D6EF27700445D0C /* kodama-appUITests */ = {
			isa = PBXGroup;
			children = (
				7B1B73491D6EF27700445D0C /* kodama_appUITests.swift */,
				7B1B734B1D6EF27700445D0C /* Info.plist */,
			);
			path = "kodama-appUITests";
			sourceTree = "<group>";
		};
/* End PBXGroup section */

/* Begin PBXNativeTarget section */
		7B1B73251D6EF27600445D0C /* kodama-app */ = {
			isa = PBXNativeTarget;
			buildConfigurationList = 7B1B734E1D6EF27700445D0C /* Build configuration list for PBXNativeTarget "kodama-app" */;
			buildPhases = (
				7B1B73221D6EF27600445D0C /* Sources */,
				7B1B73231D6EF27600445D0C /* Frameworks */,
				7B1B73241D6EF27600445D0C /* Resources */,
			);
			buildRules = (
			);
			dependencies = (
			);
			name = "kodama-app";
			productName = "kodama-app";
			productReference = 7B1B73261D6EF27600445D0C /* kodama-app.app */;
			productType = "com.apple.product-type.application";
		};
		7B1B73391D6EF27700445D0C /* kodama-appTests */ = {
			isa = PBXNativeTarget;
			buildConfigurationList = 7B1B73511D6EF27700445D0C /* Build configuration list for PBXNativeTarget "kodama-appTests" */;
			buildPhases = (
				7B1B73361D6EF27700445D0C /* Sources */,
				7B1B73371D6EF27700445D0C /* Frameworks */,
				7B1B73381D6EF27700445D0C /* Resources */,
			);
			buildRules = (
			);
			dependencies = (
				7B1B733C1D6EF27700445D0C /* PBXTargetDependency */,
			);
			name = "kodama-appTests";
			productName = "kodama-appTests";
			productReference = 7B1B733A1D6EF27700445D0C /* kodama-appTests.xctest */;
			productType = "com.apple.product-type.bundle.unit-test";
		};
		7B1B73441D6EF27700445D0C /* kodama-appUITests */ = {
			isa = PBXNativeTarget;
			buildConfigurationList = 7B1B73541D6EF27700445D0C /* Build configuration list for PBXNativeTarget "kodama-appUITests" */;
			buildPhases = (
				7B1B73411D6EF27700445D0C /* Sources */,
				7B1B73421D6EF27700445D0C /* Frameworks */,
				7B1B73431D6EF27700445D0C /* Resources */,
			);
			buildRules = (
			);
			dependencies = (
				7B1B73471D6EF27700445D0C /* PBXTargetDependency */,
			);
			name = "kodama-appUITests";
			productName = "kodama-appUITests";
			productReference = 7B1B73451D6EF27700445D0C /* kodama-appUITests.xctest */;
			productType = "com.apple.product-type.bundle.ui-testing";
		};
/* End PBXNativeTarget section */

/* Begin PBXProject section */
		7B1B731E1D6EF27600445D0C /* Project object */ = {
			isa = PBXProject;
			attributes = {
				LastSwiftUpdateCheck = 0730;
				LastUpgradeCheck = 0730;
				ORGANIZATIONNAME = "kodama-project";
				TargetAttributes = {
					7B1B73251D6EF27600445D0C = {
						CreatedOnToolsVersion = 7.3.1;
					};
					7B1B73391D6EF27700445D0C = {
						CreatedOnToolsVersion = 7.3.1;
						TestTargetID = 7B1B73251D6EF27600445D0C;
					};
					7B1B73441D6EF27700445D0C = {
						CreatedOnToolsVersion = 7.3.1;
						TestTargetID = 7B1B73251D6EF27600445D0C;
					};
				};
			};
			buildConfigurationList = 7B1B73211D6EF27600445D0C /* Build configuration list for PBXProject "kodama-app" */;
			compatibilityVersion = "Xcode 3.2";
			developmentRegion = English;
			hasScannedForEncodings = 0;
			knownRegions = (
				en,
				Base,
			);
			mainGroup = 7B1B731D1D6EF27600445D0C;
			productRefGroup = 7B1B73271D6EF27600445D0C /* Products */;
			projectDirPath = "";
			projectRoot = "";
			targets = (
				7B1B73251D6EF27600445D0C /* kodama-app */,
				7B1B73391D6EF27700445D0C /* kodama-appTests */,
				7B1B73441D6EF27700445D0C /* kodama-appUITests */,
			);
		};
/* End PBXProject section */

/* Begin PBXResourcesBuildPhase section */
		7B1B73241D6EF27600445D0C /* Resources */ = {
			isa = PBXResourcesBuildPhase;
			buildActionMask = 2147483647;
			files = (
				7B1B73341D6EF27700445D0C /* LaunchScreen.storyboard in Resources */,
				7B1B73311D6EF27700445D0C /* Assets.xcassets in Resources */,
				7B1B732F1D6EF27700445D0C /* Main.storyboard in Resources */,
			);
			runOnlyForDeploymentPostprocessing = 0;
		};
		7B1B73381D6EF27700445D0C /* Resources */ = {
			isa = PBXResourcesBuildPhase;
			buildActionMask = 2147483647;
			files = (
			);
			runOnlyForDeploymentPostprocessing = 0;
		};
		7B1B73431D6EF27700445D0C /* Resources */ = {
			isa = PBXResourcesBuildPhase;
			buildActionMask = 2147483647;
			files = (
			);
			runOnlyForDeploymentPostprocessing = 0;
		};
/* End PBXResourcesBuildPhase section */

/* Begin PBXSourcesBuildPhase section */
		7B1B73221D6EF27600445D0C /* Sources */ = {
			isa = PBXSourcesBuildPhase;
			buildActionMask = 2147483647;
			files = (
				E03FF07B1D6F03E300B261F4 /* SecondViewController.swift in Sources */,
				E03FF0741D6F03D400B261F4 /* AppDelegate.swift in Sources */,
				E03FF07C1D6F03E300B261F4 /* ThirdViewController.swift in Sources */,
				E03FF0791D6F03E300B261F4 /* FirstViewController.swift in Sources */,
				E03FF07A1D6F03E300B261F4 /* MainTabBarController.swift in Sources */,
			);
			runOnlyForDeploymentPostprocessing = 0;
		};
		7B1B73361D6EF27700445D0C /* Sources */ = {
			isa = PBXSourcesBuildPhase;
			buildActionMask = 2147483647;
			files = (
				7B1B733F1D6EF27700445D0C /* kodama_appTests.swift in Sources */,
			);
			runOnlyForDeploymentPostprocessing = 0;
		};
		7B1B73411D6EF27700445D0C /* Sources */ = {
			isa = PBXSourcesBuildPhase;
			buildActionMask = 2147483647;
			files = (
				7B1B734A1D6EF27700445D0C /* kodama_appUITests.swift in Sources */,
			);
			runOnlyForDeploymentPostprocessing = 0;
		};
/* End PBXSourcesBuildPhase section */

/* Begin PBXTargetDependency section */
		7B1B733C1D6EF27700445D0C /* PBXTargetDependency */ = {
			isa = PBXTargetDependency;
			target = 7B1B73251D6EF27600445D0C /* kodama-app */;
			targetProxy = 7B1B733B1D6EF27700445D0C /* PBXContainerItemProxy */;
		};
		7B1B73471D6EF27700445D0C /* PBXTargetDependency */ = {
			isa = PBXTargetDependency;
			target = 7B1B73251D6EF27600445D0C /* kodama-app */;
			targetProxy = 7B1B73461D6EF27700445D0C /* PBXContainerItemProxy */;
		};
/* End PBXTargetDependency section */

/* Begin PBXVariantGroup section */
		7B1B732D1D6EF27700445D0C /* Main.storyboard */ = {
			isa = PBXVariantGroup;
			children = (
				7B1B732E1D6EF27700445D0C /* Base */,
			);
			name = Main.storyboard;
			sourceTree = "<group>";
		};
		7B1B73321D6EF27700445D0C /* LaunchScreen.storyboard */ = {
			isa = PBXVariantGroup;
			children = (
				7B1B73331D6EF27700445D0C /* Base */,
			);
			name = LaunchScreen.storyboard;
			sourceTree = "<group>";
		};
/* End PBXVariantGroup section */

/* Begin XCBuildConfiguration section */
		7B1B734C1D6EF27700445D0C /* Debug */ = {
			isa = XCBuildConfiguration;
			buildSettings = {
				ALWAYS_SEARCH_USER_PATHS = NO;
				CLANG_ANALYZER_NONNULL = YES;
				CLANG_CXX_LANGUAGE_STANDARD = "gnu++0x";
				CLANG_CXX_LIBRARY = "libc++";
				CLANG_ENABLE_MODULES = YES;
				CLANG_ENABLE_OBJC_ARC = YES;
				CLANG_WARN_BOOL_CONVERSION = YES;
				CLANG_WARN_CONSTANT_CONVERSION = YES;
				CLANG_WARN_DIRECT_OBJC_ISA_USAGE = YES_ERROR;
				CLANG_WARN_EMPTY_BODY = YES;
				CLANG_WARN_ENUM_CONVERSION = YES;
				CLANG_WARN_INT_CONVERSION = YES;
				CLANG_WARN_OBJC_ROOT_CLASS = YES_ERROR;
				CLANG_WARN_UNREACHABLE_CODE = YES;
				CLANG_WARN__DUPLICATE_METHOD_MATCH = YES;
				"CODE_SIGN_IDENTITY[sdk=iphoneos*]" = "iPhone Developer";
				COPY_PHASE_STRIP = NO;
				DEBUG_INFORMATION_FORMAT = dwarf;
				ENABLE_STRICT_OBJC_MSGSEND = YES;
				ENABLE_TESTABILITY = YES;
				GCC_C_LANGUAGE_STANDARD = gnu99;
				GCC_DYNAMIC_NO_PIC = NO;
				GCC_NO_COMMON_BLOCKS = YES;
				GCC_OPTIMIZATION_LEVEL = 0;
				GCC_PREPROCESSOR_DEFINITIONS = (
					"DEBUG=1",
					"$(inherited)",
				);
				GCC_WARN_64_TO_32_BIT_CONVERSION = YES;
				GCC_WARN_ABOUT_RETURN_TYPE = YES_ERROR;
				GCC_WARN_UNDECLARED_SELECTOR = YES;
				GCC_WARN_UNINITIALIZED_AUTOS = YES_AGGRESSIVE;
				GCC_WARN_UNUSED_FUNCTION = YES;
				GCC_WARN_UNUSED_VARIABLE = YES;
				IPHONEOS_DEPLOYMENT_TARGET = 9.3;
				MTL_ENABLE_DEBUG_INFO = YES;
				ONLY_ACTIVE_ARCH = YES;
				SDKROOT = iphoneos;
				SWIFT_OPTIMIZATION_LEVEL = "-Onone";
				TARGETED_DEVICE_FAMILY = "1,2";
			};
			name = Debug;
		};
		7B1B734D1D6EF27700445D0C /* Release */ = {
			isa = XCBuildConfiguration;
			buildSettings = {
				ALWAYS_SEARCH_USER_PATHS = NO;
				CLANG_ANALYZER_NONNULL = YES;
				CLANG_CXX_LANGUAGE_STANDARD = "gnu++0x";
				CLANG_CXX_LIBRARY = "libc++";
				CLANG_ENABLE_MODULES = YES;
				CLANG_ENABLE_OBJC_ARC = YES;
				CLANG_WARN_BOOL_CONVERSION = YES;
				CLANG_WARN_CONSTANT_CONVERSION = YES;
				CLANG_WARN_DIRECT_OBJC_ISA_USAGE = YES_ERROR;
				CLANG_WARN_EMPTY_BODY = YES;
				CLANG_WARN_ENUM_CONVERSION = YES;
				CLANG_WARN_INT_CONVERSION = YES;
				CLANG_WARN_OBJC_ROOT_CLASS = YES_ERROR;
				CLANG_WARN_UNREACHABLE_CODE = YES;
				CLANG_WARN__DUPLICATE_METHOD_MATCH = YES;
				"CODE_SIGN_IDENTITY[sdk=iphoneos*]" = "iPhone Developer";
				COPY_PHASE_STRIP = NO;
				DEBUG_INFORMATION_FORMAT = "dwarf-with-dsym";
				ENABLE_NS_ASSERTIONS = NO;
				ENABLE_STRICT_OBJC_MSGSEND = YES;
				GCC_C_LANGUAGE_STANDARD = gnu99;
				GCC_NO_COMMON_BLOCKS = YES;
				GCC_WARN_64_TO_32_BIT_CONVERSION = YES;
				GCC_WARN_ABOUT_RETURN_TYPE = YES_ERROR;
				GCC_WARN_UNDECLARED_SELECTOR = YES;
				GCC_WARN_UNINITIALIZED_AUTOS = YES_AGGRESSIVE;
				GCC_WARN_UNUSED_FUNCTION = YES;
				GCC_WARN_UNUSED_VARIABLE = YES;
				IPHONEOS_DEPLOYMENT_TARGET = 9.3;
				MTL_ENABLE_DEBUG_INFO = NO;
				SDKROOT = iphoneos;
				TARGETED_DEVICE_FAMILY = "1,2";
				VALIDATE_PRODUCT = YES;
			};
			name = Release;
		};
		7B1B734F1D6EF27700445D0C /* Debug */ = {
			isa = XCBuildConfiguration;
			buildSettings = {
				ASSETCATALOG_COMPILER_APPICON_NAME = AppIcon;
				CLANG_ENABLE_MODULES = YES;
				INFOPLIST_FILE = "kodama-app/Info.plist";
				LD_RUNPATH_SEARCH_PATHS = "$(inherited) @executable_path/Frameworks";
				PRODUCT_BUNDLE_IDENTIFIER = "kodama-project.kodama-app";
				PRODUCT_NAME = "$(TARGET_NAME)";
				SWIFT_OPTIMIZATION_LEVEL = "-Onone";
			};
			name = Debug;
		};
		7B1B73501D6EF27700445D0C /* Release */ = {
			isa = XCBuildConfiguration;
			buildSettings = {
				ASSETCATALOG_COMPILER_APPICON_NAME = AppIcon;
				CLANG_ENABLE_MODULES = YES;
				INFOPLIST_FILE = "kodama-app/Info.plist";
				LD_RUNPATH_SEARCH_PATHS = "$(inherited) @executable_path/Frameworks";
				PRODUCT_BUNDLE_IDENTIFIER = "kodama-project.kodama-app";
				PRODUCT_NAME = "$(TARGET_NAME)";
			};
			name = Release;
		};
		7B1B73521D6EF27700445D0C /* Debug */ = {
			isa = XCBuildConfiguration;
			buildSettings = {
				BUNDLE_LOADER = "$(TEST_HOST)";
				INFOPLIST_FILE = "kodama-appTests/Info.plist";
				LD_RUNPATH_SEARCH_PATHS = "$(inherited) @executable_path/Frameworks @loader_path/Frameworks";
				PRODUCT_BUNDLE_IDENTIFIER = "kodama-project.kodama-appTests";
				PRODUCT_NAME = "$(TARGET_NAME)";
				TEST_HOST = "$(BUILT_PRODUCTS_DIR)/kodama-app.app/kodama-app";
			};
			name = Debug;
		};
		7B1B73531D6EF27700445D0C /* Release */ = {
			isa = XCBuildConfiguration;
			buildSettings = {
				BUNDLE_LOADER = "$(TEST_HOST)";
				INFOPLIST_FILE = "kodama-appTests/Info.plist";
				LD_RUNPATH_SEARCH_PATHS = "$(inherited) @executable_path/Frameworks @loader_path/Frameworks";
				PRODUCT_BUNDLE_IDENTIFIER = "kodama-project.kodama-appTests";
				PRODUCT_NAME = "$(TARGET_NAME)";
				TEST_HOST = "$(BUILT_PRODUCTS_DIR)/kodama-app.app/kodama-app";
			};
			name = Release;
		};
		7B1B73551D6EF27700445D0C /* Debug */ = {
			isa = XCBuildConfiguration;
			buildSettings = {
				INFOPLIST_FILE = "kodama-appUITests/Info.plist";
				LD_RUNPATH_SEARCH_PATHS = "$(inherited) @executable_path/Frameworks @loader_path/Frameworks";
				PRODUCT_BUNDLE_IDENTIFIER = "kodama-project.kodama-appUITests";
				PRODUCT_NAME = "$(TARGET_NAME)";
				TEST_TARGET_NAME = "kodama-app";
			};
			name = Debug;
		};
		7B1B73561D6EF27700445D0C /* Release */ = {
			isa = XCBuildConfiguration;
			buildSettings = {
				INFOPLIST_FILE = "kodama-appUITests/Info.plist";
				LD_RUNPATH_SEARCH_PATHS = "$(inherited) @executable_path/Frameworks @loader_path/Frameworks";
				PRODUCT_BUNDLE_IDENTIFIER = "kodama-project.kodama-appUITests";
				PRODUCT_NAME = "$(TARGET_NAME)";
				TEST_TARGET_NAME = "kodama-app";
			};
			name = Release;
		};
/* End XCBuildConfiguration section */

/* Begin XCConfigurationList section */
		7B1B73211D6EF27600445D0C /* Build configuration list for PBXProject "kodama-app" */ = {
			isa = XCConfigurationList;
			buildConfigurations = (
				7B1B734C1D6EF27700445D0C /* Debug */,
				7B1B734D1D6EF27700445D0C /* Release */,
			);
			defaultConfigurationIsVisible = 0;
			defaultConfigurationName = Release;
		};
		7B1B734E1D6EF27700445D0C /* Build configuration list for PBXNativeTarget "kodama-app" */ = {
			isa = XCConfigurationList;
			buildConfigurations = (
				7B1B734F1D6EF27700445D0C /* Debug */,
				7B1B73501D6EF27700445D0C /* Release */,
			);
			defaultConfigurationIsVisible = 0;
			defaultConfigurationName = Release;
		};
		7B1B73511D6EF27700445D0C /* Build configuration list for PBXNativeTarget "kodama-appTests" */ = {
			isa = XCConfigurationList;
			buildConfigurations = (
				7B1B73521D6EF27700445D0C /* Debug */,
				7B1B73531D6EF27700445D0C /* Release */,
			);
			defaultConfigurationIsVisible = 0;
			defaultConfigurationName = Release;
		};
		7B1B73541D6EF27700445D0C /* Build configuration list for PBXNativeTarget "kodama-appUITests" */ = {
			isa = XCConfigurationList;
			buildConfigurations = (
				7B1B73551D6EF27700445D0C /* Debug */,
				7B1B73561D6EF27700445D0C /* Release */,
			);
			defaultConfigurationIsVisible = 0;
			defaultConfigurationName = Release;
		};
/* End XCConfigurationList section */
	};
	rootObject = 7B1B731E1D6EF27600445D0C /* Project object */;
}
